
Microsoft Visual Studio Solution File, Format Version 12.00
# Visual Studio 15
VisualStudioVersion = 15.0.27130.2024
MinimumVisualStudioVersion = 10.0.40219.1
Project("{FAE04EC0-301F-11D3-BF4B-00C04F79EFBC}") = "SubtypeInduction", "SubtypeInduction\SubtypeInduction.csproj", "{6F119476-5724-461E-8FEF-B938E3FE1189}"
EndProject
Project("{FAE04EC0-301F-11D3-BF4B-00C04F79EFBC}") = "Tests", "Tests\Tests.csproj", "{ED6B1EDD-2CE2-4539-A278-F903847D7E7C}"
EndProject
Project("{FAE04EC0-301F-11D3-BF4B-00C04F79EFBC}") = "SubtypeMiningCli", "SubtypeMiningConsole\SubtypeMiningCli.csproj", "{A5EAD9CA-D582-43B6-A103-B1903B2A7BDD}"
EndProject
Global
	GlobalSection(SolutionConfigurationPlatforms) = preSolution
		Debug|Any CPU = Debug|Any CPU
		Debug2|Any CPU = Debug2|Any CPU
		Release|Any CPU = Release|Any CPU
	EndGlobalSection
	GlobalSection(ProjectConfigurationPlatforms) = postSolution
		{6F119476-5724-461E-8FEF-B938E3FE1189}.Debug|Any CPU.ActiveCfg = Debug|Any CPU
		{6F119476-5724-461E-8FEF-B938E3FE1189}.Debug|Any CPU.Build.0 = Debug|Any CPU
		{6F119476-5724-461E-8FEF-B938E3FE1189}.Debug2|Any CPU.ActiveCfg = Debug2|Any CPU
		{6F119476-5724-461E-8FEF-B938E3FE1189}.Debug2|Any CPU.Build.0 = Debug2|Any CPU
		{6F119476-5724-461E-8FEF-B938E3FE1189}.Release|Any CPU.ActiveCfg = Release|Any CPU
		{6F119476-5724-461E-8FEF-B938E3FE1189}.Release|Any CPU.Build.0 = Release|Any CPU
		{ED6B1EDD-2CE2-4539-A278-F903847D7E7C}.Debug|Any CPU.ActiveCfg = Debug|Any CPU
		{ED6B1EDD-2CE2-4539-A278-F903847D7E7C}.Debug|Any CPU.Build.0 = Debug|Any CPU
		{ED6B1EDD-2CE2-4539-A278-F903847D7E7C}.Debug2|Any CPU.ActiveCfg = Debug2|Any CPU
		{ED6B1EDD-2CE2-4539-A278-F903847D7E7C}.Debug2|Any CPU.Build.0 = Debug2|Any CPU
		{ED6B1EDD-2CE2-4539-A278-F903847D7E7C}.Release|Any CPU.ActiveCfg = Release|Any CPU
		{ED6B1EDD-2CE2-4539-A278-F903847D7E7C}.Release|Any CPU.Build.0 = Release|Any CPU
		{A5EAD9CA-D582-43B6-A103-B1903B2A7BDD}.Debug|Any CPU.ActiveCfg = Debug|Any CPU
		{A5EAD9CA-D582-43B6-A103-B1903B2A7BDD}.Debug|Any CPU.Build.0 = Debug|Any CPU
		{A5EAD9CA-D582-43B6-A103-B1903B2A7BDD}.Debug2|Any CPU.ActiveCfg = Debug|Any CPU
		{A5EAD9CA-D582-43B6-A103-B1903B2A7BDD}.Debug2|Any CPU.Build.0 = Debug|Any CPU
		{A5EAD9CA-D582-43B6-A103-B1903B2A7BDD}.Release|Any CPU.ActiveCfg = Release|Any CPU
		{A5EAD9CA-D582-43B6-A103-B1903B2A7BDD}.Release|Any CPU.Build.0 = Release|Any CPU
	EndGlobalSection
	GlobalSection(SolutionProperties) = preSolution
		HideSolutionNode = FALSE
	EndGlobalSection
	GlobalSection(ExtensibilityGlobals) = postSolution
		SolutionGuid = {6EBBD551-E804-48D9-A654-5C6B6AFD593D}
	EndGlobalSection
	GlobalSection(Performance) = preSolution
		HasPerformanceSessions = true
	EndGlobalSection
EndGlobal
